{
  "meteor": {},
  "dependencies": {
    "basePackages": {
      "bootstrap-3": {},
      "accounts-ui-bootstrap-3": {},
      "jquery": {}
    },
    "packages": {
      "bootstrap-3": {
        "git": "https://github.com/mangasocial/meteor-bootstrap-3.git",
        "tag": "v3.2.0-1",
        "commit": "17a63902fc6cf1096c5289d963c66cf28b474727"
      },
      "accounts-ui-bootstrap-3": {
        "git": "https://github.com/mangasocial/meteor-accounts-ui-bootstrap-3.git",
        "tag": "v0.3.5",
        "commit": "bbd0a8a46ae02526c2ebfee05fa8075d8d04a9ba"
      },
      "jquery": {
        "git": "https://github.com/nrafter/meteor-jquery.git",
        "tag": "v2.0.31",
        "commit": "3edf878d51e6f03eff70e1a7a969a19f42b6f1a1"
      }
    }
  }
}
